
Microsoft Visual Studio Solution File, Format Version 12.00
# Visual Studio Version 17
VisualStudioVersion = 17.3.32929.385
MinimumVisualStudioVersion = 10.0.40219.1
Project("{FAE04EC0-301F-11D3-BF4B-00C04F79EFBC}") = "UniversitaDizionario", "UniversitaDizionario\UniversitaDizionario.csproj", "{24E99EB4-BC4B-480F-94EC-1161231F4CC6}"
EndProject
Global
	GlobalSection(SolutionConfigurationPlatforms) = preSolution
		Debug|Any CPU = Debug|Any CPU
		Release|Any CPU = Release|Any CPU
	EndGlobalSection
	GlobalSection(ProjectConfigurationPlatforms) = postSolution
		{24E99EB4-BC4B-480F-94EC-1161231F4CC6}.Debug|Any CPU.ActiveCfg = Debug|Any CPU
		{24E99EB4-BC4B-480F-94EC-1161231F4CC6}.Debug|Any CPU.Build.0 = Debug|Any CPU
		{24E99EB4-BC4B-480F-94EC-1161231F4CC6}.Release|Any CPU.ActiveCfg = Release|Any CPU
		{24E99EB4-BC4B-480F-94EC-1161231F4CC6}.Release|Any CPU.Build.0 = Release|Any CPU
	EndGlobalSection
	GlobalSection(SolutionProperties) = preSolution
		HideSolutionNode = FALSE
	EndGlobalSection
	GlobalSection(ExtensibilityGlobals) = postSolution
		SolutionGuid = {9D637C40-D85E-48E5-8593-A3FC689025E2}
	EndGlobalSection
EndGlobal
